
Microsoft Visual Studio Solution File, Format Version 12.00
# Visual Studio Version 17
VisualStudioVersion = 17.5.33516.290
MinimumVisualStudioVersion = 10.0.40219.1
Project("{9A19103F-16F7-4668-BE54-9A1E7A4F7556}") = "EZIG2J_HFT_2023241.Client", "EZIG2J_HFT_2023241.Client\EZIG2J_HFT_2023241.Client.csproj", "{C599A3E7-4034-42AA-AE45-4C439D1AA280}"
EndProject
Project("{9A19103F-16F7-4668-BE54-9A1E7A4F7556}") = "EZIG2J_HFT_2023241.Models", "EZIG2J_HFT_2023241.Models\EZIG2J_HFT_2023241.Models.csproj", "{C8993B5C-0191-4465-B698-204278AF9014}"
EndProject
Project("{9A19103F-16F7-4668-BE54-9A1E7A4F7556}") = "EZIG2J_HFT_2023241.Repository", "EZIG2J_HFT_2023241.Repository\EZIG2J_HFT_2023241.Repository.csproj", "{ABBF3164-BDE7-4ACE-9696-346CC5E24142}"
EndProject
Project("{9A19103F-16F7-4668-BE54-9A1E7A4F7556}") = "EZIG2J_HFT_2023241.Test", "EZIG2J_HFT_2023241.Test\EZIG2J_HFT_2023241.Test.csproj", "{ABCA1C93-7E96-498C-8086-532E58DC8368}"
EndProject
Project("{2150E333-8FDC-42A3-9474-1A3956D46DE8}") = "Backend", "Backend", "{A7903D1E-3FBA-49A5-9D1D-28DCAF6B2F92}"
EndProject
Project("{2150E333-8FDC-42A3-9474-1A3956D46DE8}") = "Frontend", "Frontend", "{644885CD-F9AA-4B4C-B92C-C86A98F3F86E}"
EndProject
Project("{2150E333-8FDC-42A3-9474-1A3956D46DE8}") = "Shared", "Shared", "{59453893-3CC4-43DD-A59F-3DE057AD7A0D}"
EndProject
Project("{9A19103F-16F7-4668-BE54-9A1E7A4F7556}") = "EZIG2J_HFT_2023241.Logic", "EZIG2J_HFT_2023241.Logic\EZIG2J_HFT_2023241.Logic.csproj", "{3C39DC2F-F4B9-4674-B989-A18ADB3A2314}"
EndProject
Project("{2150E333-8FDC-42A3-9474-1A3956D46DE8}") = "Others", "Others", "{4BE10AE1-10B1-4EBB-98F3-89DE16F44343}"
	ProjectSection(SolutionItems) = preProject
		.gitignore = .gitignore
	EndProjectSection
EndProject
Project("{FAE04EC0-301F-11D3-BF4B-00C04F79EFBC}") = "EZIG2J_HFT_2023241.Endpoint", "EZIG2J_HFT_2023241.Endpoint\EZIG2J_HFT_2023241.Endpoint.csproj", "{B9440244-616E-4AF4-A675-0CFD3ECDB801}"
EndProject
Global
	GlobalSection(SolutionConfigurationPlatforms) = preSolution
		Debug|Any CPU = Debug|Any CPU
		Release|Any CPU = Release|Any CPU
	EndGlobalSection
	GlobalSection(ProjectConfigurationPlatforms) = postSolution
		{C599A3E7-4034-42AA-AE45-4C439D1AA280}.Debug|Any CPU.ActiveCfg = Debug|Any CPU
		{C599A3E7-4034-42AA-AE45-4C439D1AA280}.Debug|Any CPU.Build.0 = Debug|Any CPU
		{C599A3E7-4034-42AA-AE45-4C439D1AA280}.Release|Any CPU.ActiveCfg = Release|Any CPU
		{C599A3E7-4034-42AA-AE45-4C439D1AA280}.Release|Any CPU.Build.0 = Release|Any CPU
		{C8993B5C-0191-4465-B698-204278AF9014}.Debug|Any CPU.ActiveCfg = Debug|Any CPU
		{C8993B5C-0191-4465-B698-204278AF9014}.Debug|Any CPU.Build.0 = Debug|Any CPU
		{C8993B5C-0191-4465-B698-204278AF9014}.Release|Any CPU.ActiveCfg = Release|Any CPU
		{C8993B5C-0191-4465-B698-204278AF9014}.Release|Any CPU.Build.0 = Release|Any CPU
		{ABBF3164-BDE7-4ACE-9696-346CC5E24142}.Debug|Any CPU.ActiveCfg = Debug|Any CPU
		{ABBF3164-BDE7-4ACE-9696-346CC5E24142}.Debug|Any CPU.Build.0 = Debug|Any CPU
		{ABBF3164-BDE7-4ACE-9696-346CC5E24142}.Release|Any CPU.ActiveCfg = Release|Any CPU
		{ABBF3164-BDE7-4ACE-9696-346CC5E24142}.Release|Any CPU.Build.0 = Release|Any CPU
		{ABCA1C93-7E96-498C-8086-532E58DC8368}.Debug|Any CPU.ActiveCfg = Debug|Any CPU
		{ABCA1C93-7E96-498C-8086-532E58DC8368}.Debug|Any CPU.Build.0 = Debug|Any CPU
		{ABCA1C93-7E96-498C-8086-532E58DC8368}.Release|Any CPU.ActiveCfg = Release|Any CPU
		{ABCA1C93-7E96-498C-8086-532E58DC8368}.Release|Any CPU.Build.0 = Release|Any CPU
		{3C39DC2F-F4B9-4674-B989-A18ADB3A2314}.Debug|Any CPU.ActiveCfg = Debug|Any CPU
		{3C39DC2F-F4B9-4674-B989-A18ADB3A2314}.Debug|Any CPU.Build.0 = Debug|Any CPU
		{3C39DC2F-F4B9-4674-B989-A18ADB3A2314}.Release|Any CPU.ActiveCfg = Release|Any CPU
		{3C39DC2F-F4B9-4674-B989-A18ADB3A2314}.Release|Any CPU.Build.0 = Release|Any CPU
		{B9440244-616E-4AF4-A675-0CFD3ECDB801}.Debug|Any CPU.ActiveCfg = Debug|Any CPU
		{B9440244-616E-4AF4-A675-0CFD3ECDB801}.Debug|Any CPU.Build.0 = Debug|Any CPU
		{B9440244-616E-4AF4-A675-0CFD3ECDB801}.Release|Any CPU.ActiveCfg = Release|Any CPU
		{B9440244-616E-4AF4-A675-0CFD3ECDB801}.Release|Any CPU.Build.0 = Release|Any CPU
	EndGlobalSection
	GlobalSection(SolutionProperties) = preSolution
		HideSolutionNode = FALSE
	EndGlobalSection
	GlobalSection(NestedProjects) = preSolution
		{C599A3E7-4034-42AA-AE45-4C439D1AA280} = {644885CD-F9AA-4B4C-B92C-C86A98F3F86E}
		{C8993B5C-0191-4465-B698-204278AF9014} = {59453893-3CC4-43DD-A59F-3DE057AD7A0D}
		{ABBF3164-BDE7-4ACE-9696-346CC5E24142} = {A7903D1E-3FBA-49A5-9D1D-28DCAF6B2F92}
		{ABCA1C93-7E96-498C-8086-532E58DC8368} = {A7903D1E-3FBA-49A5-9D1D-28DCAF6B2F92}
		{3C39DC2F-F4B9-4674-B989-A18ADB3A2314} = {A7903D1E-3FBA-49A5-9D1D-28DCAF6B2F92}
		{B9440244-616E-4AF4-A675-0CFD3ECDB801} = {A7903D1E-3FBA-49A5-9D1D-28DCAF6B2F92}
	EndGlobalSection
	GlobalSection(ExtensibilityGlobals) = postSolution
		SolutionGuid = {49CE980F-2A09-455D-B2B2-D5C20D090A3F}
	EndGlobalSection
EndGlobal
